
Microsoft Visual Studio Solution File, Format Version 12.00
# Visual Studio Version 17
VisualStudioVersion = 17.4.33205.214
MinimumVisualStudioVersion = 10.0.40219.1
Project("{FAE04EC0-301F-11D3-BF4B-00C04F79EFBC}") = "Producer", "Producer\Producer.csproj", "{7DF66510-FEF6-4E97-AD82-E17B2D05ED6C}"
EndProject
Global
	GlobalSection(SolutionConfigurationPlatforms) = preSolution
		Debug|Any CPU = Debug|Any CPU
		Release|Any CPU = Release|Any CPU
	EndGlobalSection
	GlobalSection(ProjectConfigurationPlatforms) = postSolution
		{7DF66510-FEF6-4E97-AD82-E17B2D05ED6C}.Debug|Any CPU.ActiveCfg = Debug|Any CPU
		{7DF66510-FEF6-4E97-AD82-E17B2D05ED6C}.Debug|Any CPU.Build.0 = Debug|Any CPU
		{7DF66510-FEF6-4E97-AD82-E17B2D05ED6C}.Release|Any CPU.ActiveCfg = Release|Any CPU
		{7DF66510-FEF6-4E97-AD82-E17B2D05ED6C}.Release|Any CPU.Build.0 = Release|Any CPU
	EndGlobalSection
	GlobalSection(SolutionProperties) = preSolution
		HideSolutionNode = FALSE
	EndGlobalSection
	GlobalSection(ExtensibilityGlobals) = postSolution
		SolutionGuid = {4846FF96-3FAD-472B-92FB-9BCA8A76962A}
	EndGlobalSection
EndGlobal
